
Microsoft Visual Studio Solution File, Format Version 12.00
# Visual Studio Version 17
VisualStudioVersion = 17.9.34902.65
MinimumVisualStudioVersion = 10.0.40219.1
Project("{FAE04EC0-301F-11D3-BF4B-00C04F79EFBC}") = "PagingAspNet", "PagingAspNet\PagingAspNet.csproj", "{422FA303-C4DF-42B6-AD9C-06E42C7EC250}"
EndProject
Global
	GlobalSection(SolutionConfigurationPlatforms) = preSolution
		Debug|Any CPU = Debug|Any CPU
		Release|Any CPU = Release|Any CPU
	EndGlobalSection
	GlobalSection(ProjectConfigurationPlatforms) = postSolution
		{422FA303-C4DF-42B6-AD9C-06E42C7EC250}.Debug|Any CPU.ActiveCfg = Debug|Any CPU
		{422FA303-C4DF-42B6-AD9C-06E42C7EC250}.Debug|Any CPU.Build.0 = Debug|Any CPU
		{422FA303-C4DF-42B6-AD9C-06E42C7EC250}.Release|Any CPU.ActiveCfg = Release|Any CPU
		{422FA303-C4DF-42B6-AD9C-06E42C7EC250}.Release|Any CPU.Build.0 = Release|Any CPU
	EndGlobalSection
	GlobalSection(SolutionProperties) = preSolution
		HideSolutionNode = FALSE
	EndGlobalSection
	GlobalSection(ExtensibilityGlobals) = postSolution
		SolutionGuid = {6CD4DEDD-BCC1-49CF-98DD-D733C43158D5}
	EndGlobalSection
EndGlobal
